
Microsoft Visual Studio Solution File, Format Version 12.00
# Visual Studio Version 16
VisualStudioVersion = 16.0.32126.315
MinimumVisualStudioVersion = 10.0.40219.1
Project("{FAE04EC0-301F-11D3-BF4B-00C04F79EFBC}") = "Implementing CQRs And Swagger", "Implementing CQRs And Swagger\Implementing CQRs And Swagger.csproj", "{E62C31ED-590A-4743-9EBC-A11D8FD7699D}"
EndProject
Global
	GlobalSection(SolutionConfigurationPlatforms) = preSolution
		Debug|Any CPU = Debug|Any CPU
		Release|Any CPU = Release|Any CPU
	EndGlobalSection
	GlobalSection(ProjectConfigurationPlatforms) = postSolution
		{E62C31ED-590A-4743-9EBC-A11D8FD7699D}.Debug|Any CPU.ActiveCfg = Debug|Any CPU
		{E62C31ED-590A-4743-9EBC-A11D8FD7699D}.Debug|Any CPU.Build.0 = Debug|Any CPU
		{E62C31ED-590A-4743-9EBC-A11D8FD7699D}.Release|Any CPU.ActiveCfg = Release|Any CPU
		{E62C31ED-590A-4743-9EBC-A11D8FD7699D}.Release|Any CPU.Build.0 = Release|Any CPU
	EndGlobalSection
	GlobalSection(SolutionProperties) = preSolution
		HideSolutionNode = FALSE
	EndGlobalSection
	GlobalSection(ExtensibilityGlobals) = postSolution
		SolutionGuid = {12CEB6B6-6426-4AC1-8AE7-838E487CA7F4}
	EndGlobalSection
EndGlobal
